// !$*UTF8*$!
{
	archiveVersion = 1;
	classes = {
	};
	objectVersion = 56;
	objects = {

/* Begin PBXBuildFile section */
		A10001 /* ClipboardManagerApp.swift in Sources */ = {isa = PBXBuildFile; fileRef = B10001; };
		A10002 /* ClipboardItem.swift in Sources */ = {isa = PBXBuildFile; fileRef = B10002; };
		A10003 /* ClipboardMonitor.swift in Sources */ = {isa = PBXBuildFile; fileRef = B10003; };
		A10004 /* ExportService.swift in Sources */ = {isa = PBXBuildFile; fileRef = B10004; };
		A10005 /* ClipboardViewModel.swift in Sources */ = {isa = PBXBuildFile; fileRef = B10005; };
		A10006 /* MainWindowView.swift in Sources */ = {isa = PBXBuildFile; fileRef = B10006; };
		A10007 /* ClipboardItemRow.swift in Sources */ = {isa = PBXBuildFile; fileRef = B10007; };
		A10009 /* MenuBarView.swift in Sources */ = {isa = PBXBuildFile; fileRef = B10009; };
		A10011 /* Assets.xcassets in Resources */ = {isa = PBXBuildFile; fileRef = B10011; };
		A10012 /* QuickLookCoordinator.swift in Sources */ = {isa = PBXBuildFile; fileRef = B10012; };
		A10013 /* FileOpener.swift in Sources */ = {isa = PBXBuildFile; fileRef = B10013; };
		A10014 /* ThumbnailLoader.swift in Sources */ = {isa = PBXBuildFile; fileRef = B10014; };
		A10015 /* ThumbnailView.swift in Sources */ = {isa = PBXBuildFile; fileRef = B10015; };
		A10016 /* PreviewPopover.swift in Sources */ = {isa = PBXBuildFile; fileRef = B10016; };
		A10017 /* FilterSettings.swift in Sources */ = {isa = PBXBuildFile; fileRef = B10017; };
		A10018 /* ToastView.swift in Sources */ = {isa = PBXBuildFile; fileRef = B10018; };
		A10019 /* ToastCenter.swift in Sources */ = {isa = PBXBuildFile; fileRef = B10019; };
		A10050 /* ConfirmationCenter.swift in Sources */ = {isa = PBXBuildFile; fileRef = B10050; };
		A10051 /* ConfirmationDialogView.swift in Sources */ = {isa = PBXBuildFile; fileRef = B10051; };
		A10020 /* SettingsPanelView.swift in Sources */ = {isa = PBXBuildFile; fileRef = B10020; };
		A10021 /* AppNavigation.swift in Sources */ = {isa = PBXBuildFile; fileRef = B10021; };
		A10022 /* VisualEffectView.swift in Sources */ = {isa = PBXBuildFile; fileRef = B10022; };
		A10023 /* FullDiskAccessOnboardingView.swift in Sources */ = {isa = PBXBuildFile; fileRef = B10023; };
		A10024 /* ExportPanelView.swift in Sources */ = {isa = PBXBuildFile; fileRef = B10024; };
		A10025 /* EmbeddingService.swift in Sources */ = {isa = PBXBuildFile; fileRef = B10025; };
		A10026 /* MergeSettings.swift in Sources */ = {isa = PBXBuildFile; fileRef = B10026; };
		A10027 /* ImageStitcher.swift in Sources */ = {isa = PBXBuildFile; fileRef = B10027; };
		A10028 /* CopyStats.swift in Sources */ = {isa = PBXBuildFile; fileRef = B10028; };
		A10029 /* StatsPanelView.swift in Sources */ = {isa = PBXBuildFile; fileRef = B10029; };
		A10030 /* URLSanitizer.swift in Sources */ = {isa = PBXBuildFile; fileRef = B10030; };
		A10031 /* SnippetEditorView.swift in Sources */ = {isa = PBXBuildFile; fileRef = B10031; };
		A10032 /* TrashPanelView.swift in Sources */ = {isa = PBXBuildFile; fileRef = B10032; };
		A10033 /* MCPServer.swift in Sources */ = {isa = PBXBuildFile; fileRef = B10033; };
		A10034 /* AppShortcuts.swift in Sources */ = {isa = PBXBuildFile; fileRef = B10034; };
		A10035 /* AutoPasteService.swift in Sources */ = {isa = PBXBuildFile; fileRef = B10035; };
		A10036 /* QuickPasteController.swift in Sources */ = {isa = PBXBuildFile; fileRef = B10036; };
		A10037 /* QuickPasteView.swift in Sources */ = {isa = PBXBuildFile; fileRef = B10037; };
		A10038 /* DynamicIslandController.swift in Sources */ = {isa = PBXBuildFile; fileRef = B10038; };
		A10039 /* DynamicIslandView.swift in Sources */ = {isa = PBXBuildFile; fileRef = B10039; };
		A10040 /* AppearancePreferences.swift in Sources */ = {isa = PBXBuildFile; fileRef = B10040; };
		A10041 /* Localization.swift in Sources */ = {isa = PBXBuildFile; fileRef = B10041; };
		A10042 /* TagEditorPopover.swift in Sources */ = {isa = PBXBuildFile; fileRef = B10042; };
		A10043 /* OCRService.swift in Sources */ = {isa = PBXBuildFile; fileRef = B10043; };
		A10044 /* OCRResultView.swift in Sources */ = {isa = PBXBuildFile; fileRef = B10044; };
		A10045 /* UpdaterService.swift in Sources */ = {isa = PBXBuildFile; fileRef = B10045; };
		A10046 /* PreviewKeyCatcher.swift in Sources */ = {isa = PBXBuildFile; fileRef = B10046; };
		A10047 /* Theme.swift in Sources */ = {isa = PBXBuildFile; fileRef = B10047; };
		A10048 /* AppContainer.swift in Sources */ = {isa = PBXBuildFile; fileRef = B10048; };
		A10100 /* InfoPlist.strings in Resources */ = {isa = PBXBuildFile; fileRef = V10001 /* InfoPlist.strings */; };
		A20001 /* KeyboardShortcuts in Frameworks */ = {isa = PBXBuildFile; productRef = P10001 /* KeyboardShortcuts */; };
		A20002 /* Sparkle in Frameworks */ = {isa = PBXBuildFile; productRef = P10002 /* Sparkle */; };
		A10210 /* WidgetSnapshot.swift in Sources */ = {isa = PBXBuildFile; fileRef = B10210; };
		A10211 /* WidgetBridge.swift in Sources */ = {isa = PBXBuildFile; fileRef = B10211; };
		A10220 /* ClipTraceWidgetsBundle.swift in Sources */ = {isa = PBXBuildFile; fileRef = B10220; };
		A10221 /* WidgetSupport.swift in Sources */ = {isa = PBXBuildFile; fileRef = B10221; };
		A10222 /* DataWidget.swift in Sources */ = {isa = PBXBuildFile; fileRef = B10222; };
		A10223 /* ActivityWidget.swift in Sources */ = {isa = PBXBuildFile; fileRef = B10223; };
		A10224 /* WidgetSnapshot.swift in Sources */ = {isa = PBXBuildFile; fileRef = B10210; };
		A10300 /* ClipTraceWidgetsExtension.appex in Embed Foundation Extensions */ = {isa = PBXBuildFile; fileRef = B10200; settings = {ATTRIBUTES = (RemoveHeadersOnCopy, ); }; };
/* End PBXBuildFile section */

/* Begin PBXFileReference section */
		B10001 /* ClipTraceApp.swift */ = {isa = PBXFileReference; lastKnownFileType = sourcecode.swift; path = ClipTraceApp.swift; sourceTree = "<group>"; };
		B10002 /* ClipboardItem.swift */ = {isa = PBXFileReference; lastKnownFileType = sourcecode.swift; path = ClipboardItem.swift; sourceTree = "<group>"; };
		B10003 /* ClipboardMonitor.swift */ = {isa = PBXFileReference; lastKnownFileType = sourcecode.swift; path = ClipboardMonitor.swift; sourceTree = "<group>"; };
		B10004 /* ExportService.swift */ = {isa = PBXFileReference; lastKnownFileType = sourcecode.swift; path = ExportService.swift; sourceTree = "<group>"; };
		B10005 /* ClipboardViewModel.swift */ = {isa = PBXFileReference; lastKnownFileType = sourcecode.swift; path = ClipboardViewModel.swift; sourceTree = "<group>"; };
		B10006 /* MainWindowView.swift */ = {isa = PBXFileReference; lastKnownFileType = sourcecode.swift; path = MainWindowView.swift; sourceTree = "<group>"; };
		B10007 /* ClipboardItemRow.swift */ = {isa = PBXFileReference; lastKnownFileType = sourcecode.swift; path = ClipboardItemRow.swift; sourceTree = "<group>"; };
		B10009 /* MenuBarView.swift */ = {isa = PBXFileReference; lastKnownFileType = sourcecode.swift; path = MenuBarView.swift; sourceTree = "<group>"; };
		B10011 /* Assets.xcassets */ = {isa = PBXFileReference; lastKnownFileType = folder.assetcatalog; path = Assets.xcassets; sourceTree = "<group>"; };
		B10012 /* QuickLookCoordinator.swift */ = {isa = PBXFileReference; lastKnownFileType = sourcecode.swift; path = QuickLookCoordinator.swift; sourceTree = "<group>"; };
		B10013 /* FileOpener.swift */ = {isa = PBXFileReference; lastKnownFileType = sourcecode.swift; path = FileOpener.swift; sourceTree = "<group>"; };
		B10014 /* ThumbnailLoader.swift */ = {isa = PBXFileReference; lastKnownFileType = sourcecode.swift; path = ThumbnailLoader.swift; sourceTree = "<group>"; };
		B10015 /* ThumbnailView.swift */ = {isa = PBXFileReference; lastKnownFileType = sourcecode.swift; path = ThumbnailView.swift; sourceTree = "<group>"; };
		B10016 /* PreviewPopover.swift */ = {isa = PBXFileReference; lastKnownFileType = sourcecode.swift; path = PreviewPopover.swift; sourceTree = "<group>"; };
		B10017 /* FilterSettings.swift */ = {isa = PBXFileReference; lastKnownFileType = sourcecode.swift; path = FilterSettings.swift; sourceTree = "<group>"; };
		B10018 /* ToastView.swift */ = {isa = PBXFileReference; lastKnownFileType = sourcecode.swift; path = ToastView.swift; sourceTree = "<group>"; };
		B10019 /* ToastCenter.swift */ = {isa = PBXFileReference; lastKnownFileType = sourcecode.swift; path = ToastCenter.swift; sourceTree = "<group>"; };
		B10050 /* ConfirmationCenter.swift */ = {isa = PBXFileReference; lastKnownFileType = sourcecode.swift; path = ConfirmationCenter.swift; sourceTree = "<group>"; };
		B10051 /* ConfirmationDialogView.swift */ = {isa = PBXFileReference; lastKnownFileType = sourcecode.swift; path = ConfirmationDialogView.swift; sourceTree = "<group>"; };
		B10020 /* SettingsPanelView.swift */ = {isa = PBXFileReference; lastKnownFileType = sourcecode.swift; path = SettingsPanelView.swift; sourceTree = "<group>"; };
		B10021 /* AppNavigation.swift */ = {isa = PBXFileReference; lastKnownFileType = sourcecode.swift; path = AppNavigation.swift; sourceTree = "<group>"; };
		B10022 /* VisualEffectView.swift */ = {isa = PBXFileReference; lastKnownFileType = sourcecode.swift; path = VisualEffectView.swift; sourceTree = "<group>"; };
		B10023 /* FullDiskAccessOnboardingView.swift */ = {isa = PBXFileReference; lastKnownFileType = sourcecode.swift; path = FullDiskAccessOnboardingView.swift; sourceTree = "<group>"; };
		B10024 /* ExportPanelView.swift */ = {isa = PBXFileReference; lastKnownFileType = sourcecode.swift; path = ExportPanelView.swift; sourceTree = "<group>"; };
		B10025 /* EmbeddingService.swift */ = {isa = PBXFileReference; lastKnownFileType = sourcecode.swift; path = EmbeddingService.swift; sourceTree = "<group>"; };
		B10026 /* MergeSettings.swift */ = {isa = PBXFileReference; lastKnownFileType = sourcecode.swift; path = MergeSettings.swift; sourceTree = "<group>"; };
		B10027 /* ImageStitcher.swift */ = {isa = PBXFileReference; lastKnownFileType = sourcecode.swift; path = ImageStitcher.swift; sourceTree = "<group>"; };
		B10028 /* CopyStats.swift */ = {isa = PBXFileReference; lastKnownFileType = sourcecode.swift; path = CopyStats.swift; sourceTree = "<group>"; };
		B10029 /* StatsPanelView.swift */ = {isa = PBXFileReference; lastKnownFileType = sourcecode.swift; path = StatsPanelView.swift; sourceTree = "<group>"; };
		B10030 /* URLSanitizer.swift */ = {isa = PBXFileReference; lastKnownFileType = sourcecode.swift; path = URLSanitizer.swift; sourceTree = "<group>"; };
		B10031 /* SnippetEditorView.swift */ = {isa = PBXFileReference; lastKnownFileType = sourcecode.swift; path = SnippetEditorView.swift; sourceTree = "<group>"; };
		B10032 /* TrashPanelView.swift */ = {isa = PBXFileReference; lastKnownFileType = sourcecode.swift; path = TrashPanelView.swift; sourceTree = "<group>"; };
		B10033 /* MCPServer.swift */ = {isa = PBXFileReference; lastKnownFileType = sourcecode.swift; path = MCPServer.swift; sourceTree = "<group>"; };
		B10034 /* AppShortcuts.swift */ = {isa = PBXFileReference; lastKnownFileType = sourcecode.swift; path = AppShortcuts.swift; sourceTree = "<group>"; };
		B10035 /* AutoPasteService.swift */ = {isa = PBXFileReference; lastKnownFileType = sourcecode.swift; path = AutoPasteService.swift; sourceTree = "<group>"; };
		B10036 /* QuickPasteController.swift */ = {isa = PBXFileReference; lastKnownFileType = sourcecode.swift; path = QuickPasteController.swift; sourceTree = "<group>"; };
		B10037 /* QuickPasteView.swift */ = {isa = PBXFileReference; lastKnownFileType = sourcecode.swift; path = QuickPasteView.swift; sourceTree = "<group>"; };
		B10038 /* DynamicIslandController.swift */ = {isa = PBXFileReference; lastKnownFileType = sourcecode.swift; path = DynamicIslandController.swift; sourceTree = "<group>"; };
		B10039 /* DynamicIslandView.swift */ = {isa = PBXFileReference; lastKnownFileType = sourcecode.swift; path = DynamicIslandView.swift; sourceTree = "<group>"; };
		B10040 /* AppearancePreferences.swift */ = {isa = PBXFileReference; lastKnownFileType = sourcecode.swift; path = AppearancePreferences.swift; sourceTree = "<group>"; };
		B10041 /* Localization.swift */ = {isa = PBXFileReference; lastKnownFileType = sourcecode.swift; path = Localization.swift; sourceTree = "<group>"; };
		B10042 /* TagEditorPopover.swift */ = {isa = PBXFileReference; lastKnownFileType = sourcecode.swift; path = TagEditorPopover.swift; sourceTree = "<group>"; };
		B10043 /* OCRService.swift */ = {isa = PBXFileReference; lastKnownFileType = sourcecode.swift; path = OCRService.swift; sourceTree = "<group>"; };
		B10044 /* OCRResultView.swift */ = {isa = PBXFileReference; lastKnownFileType = sourcecode.swift; path = OCRResultView.swift; sourceTree = "<group>"; };
		B10045 /* UpdaterService.swift */ = {isa = PBXFileReference; lastKnownFileType = sourcecode.swift; path = UpdaterService.swift; sourceTree = "<group>"; };
		B10046 /* PreviewKeyCatcher.swift */ = {isa = PBXFileReference; lastKnownFileType = sourcecode.swift; path = PreviewKeyCatcher.swift; sourceTree = "<group>"; };
		B10047 /* Theme.swift */ = {isa = PBXFileReference; lastKnownFileType = sourcecode.swift; path = Theme.swift; sourceTree = "<group>"; };
		B10048 /* AppContainer.swift */ = {isa = PBXFileReference; lastKnownFileType = sourcecode.swift; path = AppContainer.swift; sourceTree = "<group>"; };
		B10100 /* en */ = {isa = PBXFileReference; lastKnownFileType = text.plist.strings; name = en; path = en.lproj/InfoPlist.strings; sourceTree = "<group>"; };
		B10101 /* zh-Hans */ = {isa = PBXFileReference; lastKnownFileType = text.plist.strings; name = "zh-Hans"; path = "zh-Hans.lproj/InfoPlist.strings"; sourceTree = "<group>"; };
		B10099 /* ClipTrace.app */ = {isa = PBXFileReference; explicitFileType = wrapper.application; includeInIndex = 0; path = ClipTrace.app; sourceTree = BUILT_PRODUCTS_DIR; };
		B10200 /* ClipTraceWidgetsExtension.appex */ = {isa = PBXFileReference; explicitFileType = "wrapper.app-extension"; includeInIndex = 0; path = ClipTraceWidgetsExtension.appex; sourceTree = BUILT_PRODUCTS_DIR; };
		B10210 /* WidgetSnapshot.swift */ = {isa = PBXFileReference; lastKnownFileType = sourcecode.swift; path = WidgetSnapshot.swift; sourceTree = "<group>"; };
		B10211 /* WidgetBridge.swift */ = {isa = PBXFileReference; lastKnownFileType = sourcecode.swift; path = WidgetBridge.swift; sourceTree = "<group>"; };
		B10220 /* ClipTraceWidgetsBundle.swift */ = {isa = PBXFileReference; lastKnownFileType = sourcecode.swift; path = ClipTraceWidgetsBundle.swift; sourceTree = "<group>"; };
		B10221 /* WidgetSupport.swift */ = {isa = PBXFileReference; lastKnownFileType = sourcecode.swift; path = WidgetSupport.swift; sourceTree = "<group>"; };
		B10222 /* DataWidget.swift */ = {isa = PBXFileReference; lastKnownFileType = sourcecode.swift; path = DataWidget.swift; sourceTree = "<group>"; };
		B10223 /* ActivityWidget.swift */ = {isa = PBXFileReference; lastKnownFileType = sourcecode.swift; path = ActivityWidget.swift; sourceTree = "<group>"; };
		B10224 /* Info.plist */ = {isa = PBXFileReference; lastKnownFileType = text.plist.xml; path = Info.plist; sourceTree = "<group>"; };
		B10225 /* ClipTraceWidgets.entitlements */ = {isa = PBXFileReference; lastKnownFileType = text.plist.entitlements; path = ClipTraceWidgets.entitlements; sourceTree = "<group>"; };
/* End PBXFileReference section */

/* Begin PBXFrameworksBuildPhase section */
		D10001 /* Frameworks */ = {
			isa = PBXFrameworksBuildPhase;
			buildActionMask = 2147483647;
			files = (
				A20001 /* KeyboardShortcuts in Frameworks */,
				A20002 /* Sparkle in Frameworks */,
			);
			runOnlyForDeploymentPostprocessing = 0;
		};
		H10004 /* Frameworks */ = {
			isa = PBXFrameworksBuildPhase;
			buildActionMask = 2147483647;
			files = (
			);
			runOnlyForDeploymentPostprocessing = 0;
		};
/* End PBXFrameworksBuildPhase section */

/* Begin PBXGroup section */
		E10001 = {
			isa = PBXGroup;
			children = (
				E10002 /* ClipTrace */,
				E10010 /* ClipTraceWidgets */,
				E10007 /* Products */,
			);
			sourceTree = "<group>";
		};
		E10002 /* ClipTrace */ = {
			isa = PBXGroup;
			children = (
				B10001 /* ClipTraceApp.swift */,
				E10003 /* Models */,
				E10004 /* Views */,
				E10005 /* ViewModels */,
				E10006 /* Services */,
				E10011 /* Shared */,
				B10011 /* Assets.xcassets */,
				V10001 /* InfoPlist.strings */,
			);
			path = ClipTrace;
			sourceTree = "<group>";
		};
		E10010 /* ClipTraceWidgets */ = {
			isa = PBXGroup;
			children = (
				B10220 /* ClipTraceWidgetsBundle.swift */,
				B10221 /* WidgetSupport.swift */,
				B10222 /* DataWidget.swift */,
				B10223 /* ActivityWidget.swift */,
				B10224 /* Info.plist */,
				B10225 /* ClipTraceWidgets.entitlements */,
			);
			path = ClipTraceWidgets;
			sourceTree = "<group>";
		};
		E10011 /* Shared */ = {
			isa = PBXGroup;
			children = (
				B10210 /* WidgetSnapshot.swift */,
			);
			path = Shared;
			sourceTree = "<group>";
		};
		E10003 /* Models */ = {
			isa = PBXGroup;
			children = (
				B10002 /* ClipboardItem.swift */,
				B10017 /* FilterSettings.swift */,
				B10026 /* MergeSettings.swift */,
				B10028 /* CopyStats.swift */,
				B10021 /* AppNavigation.swift */,
				B10040 /* AppearancePreferences.swift */,
			);
			path = Models;
			sourceTree = "<group>";
		};
		E10004 /* Views */ = {
			isa = PBXGroup;
			children = (
				B10006 /* MainWindowView.swift */,
				B10007 /* ClipboardItemRow.swift */,
				B10009 /* MenuBarView.swift */,
				B10015 /* ThumbnailView.swift */,
				B10016 /* PreviewPopover.swift */,
				B10042 /* TagEditorPopover.swift */,
				B10044 /* OCRResultView.swift */,
				B10018 /* ToastView.swift */,
				B10051 /* ConfirmationDialogView.swift */,
				B10020 /* SettingsPanelView.swift */,
				B10022 /* VisualEffectView.swift */,
				B10023 /* FullDiskAccessOnboardingView.swift */,
				B10024 /* ExportPanelView.swift */,
				B10029 /* StatsPanelView.swift */,
				B10031 /* SnippetEditorView.swift */,
				B10032 /* TrashPanelView.swift */,
				B10037 /* QuickPasteView.swift */,
				B10039 /* DynamicIslandView.swift */,
				B10046 /* PreviewKeyCatcher.swift */,
				B10047 /* Theme.swift */,
			);
			path = Views;
			sourceTree = "<group>";
		};
		E10005 /* ViewModels */ = {
			isa = PBXGroup;
			children = (
				B10005 /* ClipboardViewModel.swift */,
			);
			path = ViewModels;
			sourceTree = "<group>";
		};
		E10006 /* Services */ = {
			isa = PBXGroup;
			children = (
				B10003 /* ClipboardMonitor.swift */,
				B10004 /* ExportService.swift */,
				B10012 /* QuickLookCoordinator.swift */,
				B10013 /* FileOpener.swift */,
				B10014 /* ThumbnailLoader.swift */,
				B10019 /* ToastCenter.swift */,
				B10050 /* ConfirmationCenter.swift */,
				B10025 /* EmbeddingService.swift */,
				B10027 /* ImageStitcher.swift */,
				B10030 /* URLSanitizer.swift */,
				B10048 /* AppContainer.swift */,
				B10033 /* MCPServer.swift */,
				B10034 /* AppShortcuts.swift */,
				B10035 /* AutoPasteService.swift */,
				B10036 /* QuickPasteController.swift */,
				B10038 /* DynamicIslandController.swift */,
				B10041 /* Localization.swift */,
				B10043 /* OCRService.swift */,
				B10045 /* UpdaterService.swift */,
				B10211 /* WidgetBridge.swift */,
			);
			path = Services;
			sourceTree = "<group>";
		};
		E10007 /* Products */ = {
			isa = PBXGroup;
			children = (
				B10099 /* ClipTrace.app */,
				B10200 /* ClipTraceWidgetsExtension.appex */,
			);
			name = Products;
			sourceTree = "<group>";
		};
/* End PBXGroup section */

/* Begin PBXNativeTarget section */
		F10001 /* ClipTrace */ = {
			isa = PBXNativeTarget;
			buildConfigurationList = G10003 /* Build configuration list for PBXNativeTarget "ClipTrace" */;
			buildPhases = (
				H10001 /* Sources */,
				D10001 /* Frameworks */,
				H10002 /* Resources */,
				H10006 /* Embed Foundation Extensions */,
			);
			buildRules = (
			);
			dependencies = (
				K10001 /* PBXTargetDependency */,
			);
			name = ClipTrace;
			packageProductDependencies = (
				P10001 /* KeyboardShortcuts */,
				P10002 /* Sparkle */,
			);
			productName = ClipTrace;
			productReference = B10099 /* ClipTrace.app */;
			productType = "com.apple.product-type.application";
		};
		F10002 /* ClipTraceWidgetsExtension */ = {
			isa = PBXNativeTarget;
			buildConfigurationList = G10007 /* Build configuration list for PBXNativeTarget "ClipTraceWidgetsExtension" */;
			buildPhases = (
				H10003 /* Sources */,
				H10004 /* Frameworks */,
				H10005 /* Resources */,
			);
			buildRules = (
			);
			dependencies = (
			);
			name = ClipTraceWidgetsExtension;
			productName = ClipTraceWidgetsExtension;
			productReference = B10200 /* ClipTraceWidgetsExtension.appex */;
			productType = "com.apple.product-type.app-extension";
		};
/* End PBXNativeTarget section */

/* Begin PBXProject section */
		089C1665FE841187C02AAC07 /* Project object */ = {
			isa = PBXProject;
			attributes = {
				BuildIndependentTargetsInParallel = 1;
				LastSwiftUpdateCheck = 1500;
				LastUpgradeCheck = 1500;
			};
			buildConfigurationList = G10001 /* Build configuration list for PBXProject "ClipTrace" */;
			compatibilityVersion = "Xcode 14.0";
			developmentRegion = "zh-Hans";
			hasScannedForEncodings = 0;
			knownRegions = (
				en,
				"zh-Hans",
				Base,
			);
			mainGroup = E10001;
			packageReferences = (
				R10001 /* XCRemoteSwiftPackageReference "KeyboardShortcuts" */,
				R10002 /* XCRemoteSwiftPackageReference "Sparkle" */,
			);
			productRefGroup = E10007 /* Products */;
			projectDirPath = "";
			projectRoot = "";
			targets = (
				F10001 /* ClipTrace */,
				F10002 /* ClipTraceWidgetsExtension */,
			);
		};
/* End PBXProject section */

/* Begin PBXResourcesBuildPhase section */
		H10002 /* Resources */ = {
			isa = PBXResourcesBuildPhase;
			buildActionMask = 2147483647;
			files = (
				A10011 /* Assets.xcassets in Resources */,
				A10100 /* InfoPlist.strings in Resources */,
			);
			runOnlyForDeploymentPostprocessing = 0;
		};
		H10005 /* Resources */ = {
			isa = PBXResourcesBuildPhase;
			buildActionMask = 2147483647;
			files = (
			);
			runOnlyForDeploymentPostprocessing = 0;
		};
/* End PBXResourcesBuildPhase section */

/* Begin PBXContainerItemProxy section */
		L10001 /* PBXContainerItemProxy */ = {
			isa = PBXContainerItemProxy;
			containerPortal = 089C1665FE841187C02AAC07 /* Project object */;
			proxyType = 1;
			remoteGlobalIDString = F10002;
			remoteInfo = ClipTraceWidgetsExtension;
		};
/* End PBXContainerItemProxy section */

/* Begin PBXCopyFilesBuildPhase section */
		H10006 /* Embed Foundation Extensions */ = {
			isa = PBXCopyFilesBuildPhase;
			buildActionMask = 2147483647;
			dstPath = "";
			dstSubfolderSpec = 13;
			files = (
				A10300 /* ClipTraceWidgetsExtension.appex in Embed Foundation Extensions */,
			);
			name = "Embed Foundation Extensions";
			runOnlyForDeploymentPostprocessing = 0;
		};
/* End PBXCopyFilesBuildPhase section */

/* Begin PBXTargetDependency section */
		K10001 /* PBXTargetDependency */ = {
			isa = PBXTargetDependency;
			target = F10002 /* ClipTraceWidgetsExtension */;
			targetProxy = L10001 /* PBXContainerItemProxy */;
		};
/* End PBXTargetDependency section */

/* Begin PBXVariantGroup section */
		V10001 /* InfoPlist.strings */ = {
			isa = PBXVariantGroup;
			children = (
				B10100 /* en */,
				B10101 /* zh-Hans */,
			);
			name = InfoPlist.strings;
			sourceTree = "<group>";
		};
/* End PBXVariantGroup section */

/* Begin PBXSourcesBuildPhase section */
		H10001 /* Sources */ = {
			isa = PBXSourcesBuildPhase;
			buildActionMask = 2147483647;
			files = (
				A10001 /* ClipboardManagerApp.swift in Sources */,
				A10002 /* ClipboardItem.swift in Sources */,
				A10003 /* ClipboardMonitor.swift in Sources */,
				A10004 /* ExportService.swift in Sources */,
				A10005 /* ClipboardViewModel.swift in Sources */,
				A10006 /* MainWindowView.swift in Sources */,
				A10007 /* ClipboardItemRow.swift in Sources */,
				A10009 /* MenuBarView.swift in Sources */,
				A10012 /* QuickLookCoordinator.swift in Sources */,
				A10013 /* FileOpener.swift in Sources */,
				A10014 /* ThumbnailLoader.swift in Sources */,
				A10015 /* ThumbnailView.swift in Sources */,
				A10016 /* PreviewPopover.swift in Sources */,
				A10017 /* FilterSettings.swift in Sources */,
				A10018 /* ToastView.swift in Sources */,
				A10019 /* ToastCenter.swift in Sources */,
				A10050 /* ConfirmationCenter.swift in Sources */,
				A10051 /* ConfirmationDialogView.swift in Sources */,
				A10020 /* SettingsPanelView.swift in Sources */,
				A10021 /* AppNavigation.swift in Sources */,
				A10022 /* VisualEffectView.swift in Sources */,
				A10023 /* FullDiskAccessOnboardingView.swift in Sources */,
				A10024 /* ExportPanelView.swift in Sources */,
				A10025 /* EmbeddingService.swift in Sources */,
				A10026 /* MergeSettings.swift in Sources */,
				A10027 /* ImageStitcher.swift in Sources */,
				A10028 /* CopyStats.swift in Sources */,
				A10029 /* StatsPanelView.swift in Sources */,
				A10030 /* URLSanitizer.swift in Sources */,
				A10031 /* SnippetEditorView.swift in Sources */,
				A10032 /* TrashPanelView.swift in Sources */,
				A10033 /* MCPServer.swift in Sources */,
				A10034 /* AppShortcuts.swift in Sources */,
				A10035 /* AutoPasteService.swift in Sources */,
				A10036 /* QuickPasteController.swift in Sources */,
				A10037 /* QuickPasteView.swift in Sources */,
				A10038 /* DynamicIslandController.swift in Sources */,
				A10039 /* DynamicIslandView.swift in Sources */,
				A10040 /* AppearancePreferences.swift in Sources */,
				A10041 /* Localization.swift in Sources */,
				A10042 /* TagEditorPopover.swift in Sources */,
				A10043 /* OCRService.swift in Sources */,
				A10044 /* OCRResultView.swift in Sources */,
				A10045 /* UpdaterService.swift in Sources */,
				A10046 /* PreviewKeyCatcher.swift in Sources */,
				A10047 /* Theme.swift in Sources */,
				A10048 /* AppContainer.swift in Sources */,
				A10210 /* WidgetSnapshot.swift in Sources */,
				A10211 /* WidgetBridge.swift in Sources */,
			);
			runOnlyForDeploymentPostprocessing = 0;
		};
		H10003 /* Sources */ = {
			isa = PBXSourcesBuildPhase;
			buildActionMask = 2147483647;
			files = (
				A10220 /* ClipTraceWidgetsBundle.swift in Sources */,
				A10221 /* WidgetSupport.swift in Sources */,
				A10222 /* DataWidget.swift in Sources */,
				A10223 /* ActivityWidget.swift in Sources */,
				A10224 /* WidgetSnapshot.swift in Sources */,
			);
			runOnlyForDeploymentPostprocessing = 0;
		};
/* End PBXSourcesBuildPhase section */

/* Begin XCBuildConfiguration section */
		G10002 /* Debug */ = {
			isa = XCBuildConfiguration;
			buildSettings = {
				ALWAYS_SEARCH_USER_PATHS = NO;
				ASSETCATALOG_COMPILER_GENERATE_SWIFT_ASSET_SYMBOL_EXTENSIONS = YES;
				CLANG_ANALYZER_NONNULL = YES;
				CLANG_CXX_LANGUAGE_STANDARD = "gnu++20";
				CLANG_ENABLE_MODULES = YES;
				CLANG_ENABLE_OBJC_ARC = YES;
				CLANG_WARN_BLOCK_CAPTURE_AUTORELEASING = YES;
				CLANG_WARN_BOOL_CONVERSION = YES;
				CLANG_WARN_COMMA = YES;
				CLANG_WARN_CONSTANT_CONVERSION = YES;
				CLANG_WARN_DEPRECATED_OBJC_IMPLEMENTATIONS = YES;
				CLANG_WARN_DIRECT_OBJC_ISA_USAGE = YES_ERROR;
				CLANG_WARN_EMPTY_BODY = YES;
				CLANG_WARN_ENUM_CONVERSION = YES;
				CLANG_WARN_INFINITE_RECURSION = YES;
				CLANG_WARN_INT_CONVERSION = YES;
				CLANG_WARN_OBJC_IMPLICIT_RETAIN_SELF = YES;
				CLANG_WARN_OBJC_LITERAL_CONVERSION = YES;
				CLANG_WARN_OBJC_ROOT_CLASS = YES_ERROR;
				CLANG_WARN_QUOTED_INCLUDE_IN_FRAMEWORK_HEADER = YES;
				CLANG_WARN_RANGE_LOOP_ANALYSIS = YES;
				CLANG_WARN_STRICT_PROTOTYPES = YES;
				CLANG_WARN_SUSPICIOUS_MOVE = YES;
				CLANG_WARN_UNREACHABLE_CODE = YES;
				CLANG_WARN__DUPLICATE_METHOD_MATCH = YES;
				COPY_PHASE_STRIP = NO;
				DEBUG_INFORMATION_FORMAT = dwarf;
				ENABLE_STRICT_OBJC_MSGSEND = YES;
				ENABLE_TESTABILITY = YES;
				ENABLE_USER_SCRIPT_SANDBOXING = YES;
				GCC_C_LANGUAGE_STANDARD = gnu17;
				GCC_DYNAMIC_NO_PIC = NO;
				GCC_NO_COMMON_BLOCKS = YES;
				GCC_OPTIMIZATION_LEVEL = 0;
				GCC_PREPROCESSOR_DEFINITIONS = (
					"DEBUG=1",
					"$(inherited)",
				);
				GCC_WARN_64_TO_32_BIT_CONVERSION = YES;
				GCC_WARN_ABOUT_RETURN_TYPE = YES_ERROR;
				GCC_WARN_UNDECLARED_SELECTOR = YES;
				GCC_WARN_UNINITIALIZED_AUTOS = YES_AGGRESSIVE;
				GCC_WARN_UNUSED_FUNCTION = YES;
				GCC_WARN_UNUSED_VARIABLE = YES;
				MACOSX_DEPLOYMENT_TARGET = 14.0;
				MTL_ENABLE_DEBUG_INFO = INCLUDE_SOURCE;
				MTL_FAST_MATH = YES;
				ONLY_ACTIVE_ARCH = YES;
				SDKROOT = macosx;
				SWIFT_ACTIVE_COMPILATION_CONDITIONS = "DEBUG $(inherited)";
				SWIFT_OPTIMIZATION_LEVEL = "-Onone";
			};
			name = Debug;
		};
		G10004 /* Release */ = {
			isa = XCBuildConfiguration;
			buildSettings = {
				ALWAYS_SEARCH_USER_PATHS = NO;
				ASSETCATALOG_COMPILER_GENERATE_SWIFT_ASSET_SYMBOL_EXTENSIONS = YES;
				CLANG_ANALYZER_NONNULL = YES;
				CLANG_CXX_LANGUAGE_STANDARD = "gnu++20";
				CLANG_ENABLE_MODULES = YES;
				CLANG_ENABLE_OBJC_ARC = YES;
				CLANG_WARN_BLOCK_CAPTURE_AUTORELEASING = YES;
				CLANG_WARN_BOOL_CONVERSION = YES;
				CLANG_WARN_COMMA = YES;
				CLANG_WARN_CONSTANT_CONVERSION = YES;
				CLANG_WARN_DEPRECATED_OBJC_IMPLEMENTATIONS = YES;
				CLANG_WARN_DIRECT_OBJC_ISA_USAGE = YES_ERROR;
				CLANG_WARN_EMPTY_BODY = YES;
				CLANG_WARN_ENUM_CONVERSION = YES;
				CLANG_WARN_INFINITE_RECURSION = YES;
				CLANG_WARN_INT_CONVERSION = YES;
				CLANG_WARN_OBJC_IMPLICIT_RETAIN_SELF = YES;
				CLANG_WARN_OBJC_LITERAL_CONVERSION = YES;
				CLANG_WARN_OBJC_ROOT_CLASS = YES_ERROR;
				CLANG_WARN_QUOTED_INCLUDE_IN_FRAMEWORK_HEADER = YES;
				CLANG_WARN_RANGE_LOOP_ANALYSIS = YES;
				CLANG_WARN_STRICT_PROTOTYPES = YES;
				CLANG_WARN_SUSPICIOUS_MOVE = YES;
				CLANG_WARN_UNREACHABLE_CODE = YES;
				CLANG_WARN__DUPLICATE_METHOD_MATCH = YES;
				COPY_PHASE_STRIP = NO;
				DEBUG_INFORMATION_FORMAT = "dwarf-with-dsym";
				ENABLE_NS_ASSERTIONS = NO;
				ENABLE_STRICT_OBJC_MSGSEND = YES;
				ENABLE_USER_SCRIPT_SANDBOXING = YES;
				GCC_C_LANGUAGE_STANDARD = gnu17;
				GCC_NO_COMMON_BLOCKS = YES;
				GCC_WARN_64_TO_32_BIT_CONVERSION = YES;
				GCC_WARN_ABOUT_RETURN_TYPE = YES_ERROR;
				GCC_WARN_UNDECLARED_SELECTOR = YES;
				GCC_WARN_UNINITIALIZED_AUTOS = YES_AGGRESSIVE;
				GCC_WARN_UNUSED_FUNCTION = YES;
				GCC_WARN_UNUSED_VARIABLE = YES;
				MACOSX_DEPLOYMENT_TARGET = 14.0;
				MTL_FAST_MATH = YES;
				SDKROOT = macosx;
				SWIFT_COMPILATION_MODE = wholemodule;
			};
			name = Release;
		};
		G10005 /* Debug */ = {
			isa = XCBuildConfiguration;
			buildSettings = {
				ASSETCATALOG_COMPILER_APPICON_NAME = AppIcon;
				ASSETCATALOG_COMPILER_GLOBAL_ACCENT_COLOR_NAME = AccentColor;
				CODE_SIGN_ENTITLEMENTS = "";
				CODE_SIGN_IDENTITY = "ClipTrace Self-Signed";
				CODE_SIGN_STYLE = Manual;
				COMBINE_HIDPI_IMAGES = YES;
				CURRENT_PROJECT_VERSION = 1;
				DEVELOPMENT_TEAM = "";
				ENABLE_HARDENED_RUNTIME = NO;
				GENERATE_INFOPLIST_FILE = YES;
				INFOPLIST_FILE = ClipTrace/Info.plist;
				INFOPLIST_KEY_NSHumanReadableCopyright = "Copyright © 2026. All rights reserved.";
				INFOPLIST_KEY_NSMainStoryboardFile = "";
				INFOPLIST_KEY_NSPrincipalClass = NSApplication;
				LD_RUNPATH_SEARCH_PATHS = (
					"$(inherited)",
					"@executable_path/../Frameworks",
				);
				MARKETING_VERSION = 0.9.10;
				PRODUCT_BUNDLE_IDENTIFIER = com.wavever.cliptrace;
				PRODUCT_NAME = "$(TARGET_NAME)";
				SWIFT_EMIT_LOC_STRINGS = YES;
				SWIFT_VERSION = 5.0;
			};
			name = Debug;
		};
		G10006 /* Release */ = {
			isa = XCBuildConfiguration;
			buildSettings = {
				ASSETCATALOG_COMPILER_APPICON_NAME = AppIcon;
				ASSETCATALOG_COMPILER_GLOBAL_ACCENT_COLOR_NAME = AccentColor;
				CODE_SIGN_ENTITLEMENTS = "";
				CODE_SIGN_IDENTITY = "ClipTrace Self-Signed";
				CODE_SIGN_STYLE = Manual;
				COMBINE_HIDPI_IMAGES = YES;
				CURRENT_PROJECT_VERSION = 1;
				DEVELOPMENT_TEAM = "";
				ENABLE_HARDENED_RUNTIME = NO;
				GENERATE_INFOPLIST_FILE = YES;
				INFOPLIST_FILE = ClipTrace/Info.plist;
				INFOPLIST_KEY_NSHumanReadableCopyright = "Copyright © 2026. All rights reserved.";
				INFOPLIST_KEY_NSMainStoryboardFile = "";
				INFOPLIST_KEY_NSPrincipalClass = NSApplication;
				LD_RUNPATH_SEARCH_PATHS = (
					"$(inherited)",
					"@executable_path/../Frameworks",
				);
				MARKETING_VERSION = 0.9.10;
				PRODUCT_BUNDLE_IDENTIFIER = com.wavever.cliptrace;
				PRODUCT_NAME = "$(TARGET_NAME)";
				SWIFT_EMIT_LOC_STRINGS = YES;
				SWIFT_VERSION = 5.0;
			};
			name = Release;
		};
		G10008 /* Debug */ = {
			isa = XCBuildConfiguration;
			buildSettings = {
				CODE_SIGN_ENTITLEMENTS = ClipTraceWidgets/ClipTraceWidgets.entitlements;
				CODE_SIGN_IDENTITY = "ClipTrace Self-Signed";
				CODE_SIGN_STYLE = Manual;
				CURRENT_PROJECT_VERSION = 1;
				DEVELOPMENT_TEAM = "";
				ENABLE_DEBUG_DYLIB = NO;
				ENABLE_HARDENED_RUNTIME = NO;
				GENERATE_INFOPLIST_FILE = NO;
				INFOPLIST_FILE = ClipTraceWidgets/Info.plist;
				LD_RUNPATH_SEARCH_PATHS = (
					"$(inherited)",
					"@executable_path/../../../../Frameworks",
				);
				MACOSX_DEPLOYMENT_TARGET = 14.0;
				MARKETING_VERSION = 0.9.10;
				PRODUCT_BUNDLE_IDENTIFIER = com.wavever.cliptrace.widgets;
				PRODUCT_NAME = "$(TARGET_NAME)";
				SKIP_INSTALL = YES;
				SWIFT_EMIT_LOC_STRINGS = YES;
				SWIFT_VERSION = 5.0;
			};
			name = Debug;
		};
		G10009 /* Release */ = {
			isa = XCBuildConfiguration;
			buildSettings = {
				CODE_SIGN_ENTITLEMENTS = ClipTraceWidgets/ClipTraceWidgets.entitlements;
				CODE_SIGN_IDENTITY = "ClipTrace Self-Signed";
				CODE_SIGN_STYLE = Manual;
				CURRENT_PROJECT_VERSION = 1;
				DEVELOPMENT_TEAM = "";
				ENABLE_DEBUG_DYLIB = NO;
				ENABLE_HARDENED_RUNTIME = NO;
				GENERATE_INFOPLIST_FILE = NO;
				INFOPLIST_FILE = ClipTraceWidgets/Info.plist;
				LD_RUNPATH_SEARCH_PATHS = (
					"$(inherited)",
					"@executable_path/../../../../Frameworks",
				);
				MACOSX_DEPLOYMENT_TARGET = 14.0;
				MARKETING_VERSION = 0.9.10;
				PRODUCT_BUNDLE_IDENTIFIER = com.wavever.cliptrace.widgets;
				PRODUCT_NAME = "$(TARGET_NAME)";
				SKIP_INSTALL = YES;
				SWIFT_EMIT_LOC_STRINGS = YES;
				SWIFT_VERSION = 5.0;
			};
			name = Release;
		};
/* End XCBuildConfiguration section */

/* Begin XCConfigurationList section */
		G10001 /* Build configuration list for PBXProject "ClipTrace" */ = {
			isa = XCConfigurationList;
			buildConfigurations = (
				G10002 /* Debug */,
				G10004 /* Release */,
			);
			defaultConfigurationIsVisible = 0;
			defaultConfigurationName = Release;
		};
		G10003 /* Build configuration list for PBXNativeTarget "ClipTrace" */ = {
			isa = XCConfigurationList;
			buildConfigurations = (
				G10005 /* Debug */,
				G10006 /* Release */,
			);
			defaultConfigurationIsVisible = 0;
			defaultConfigurationName = Release;
		};
		G10007 /* Build configuration list for PBXNativeTarget "ClipTraceWidgetsExtension" */ = {
			isa = XCConfigurationList;
			buildConfigurations = (
				G10008 /* Debug */,
				G10009 /* Release */,
			);
			defaultConfigurationIsVisible = 0;
			defaultConfigurationName = Release;
		};
/* End XCConfigurationList section */

/* Begin XCRemoteSwiftPackageReference section */
		R10001 /* XCRemoteSwiftPackageReference "KeyboardShortcuts" */ = {
			isa = XCRemoteSwiftPackageReference;
			repositoryURL = "https://github.com/sindresorhus/KeyboardShortcuts";
			requirement = {
				kind = upToNextMajorVersion;
				minimumVersion = 2.0.0;
			};
		};
		R10002 /* XCRemoteSwiftPackageReference "Sparkle" */ = {
			isa = XCRemoteSwiftPackageReference;
			repositoryURL = "https://github.com/sparkle-project/Sparkle";
			requirement = {
				kind = upToNextMajorVersion;
				minimumVersion = 2.7.0;
			};
		};
/* End XCRemoteSwiftPackageReference section */

/* Begin XCSwiftPackageProductDependency section */
		P10001 /* KeyboardShortcuts */ = {
			isa = XCSwiftPackageProductDependency;
			package = R10001 /* XCRemoteSwiftPackageReference "KeyboardShortcuts" */;
			productName = KeyboardShortcuts;
		};
		P10002 /* Sparkle */ = {
			isa = XCSwiftPackageProductDependency;
			package = R10002 /* XCRemoteSwiftPackageReference "Sparkle" */;
			productName = Sparkle;
		};
/* End XCSwiftPackageProductDependency section */
	};
	rootObject = 089C1665FE841187C02AAC07 /* Project object */;
}
